// !$*UTF8*$!
{
	archiveVersion = 1;
	classes = {
	};
	objectVersion = 56;
	objects = {
		/* Begin PBXBuildFile section */
		/* End PBXBuildFile section */
		/* Begin PBXFileReference section */
		/* End PBXFileReference section */
		/* Begin PBXGroup section */
		/* End PBXGroup section */
	};
	rootObject = /* Project object */;
}
